
Microsoft Visual Studio Solution File, Format Version 12.00
# Visual Studio Version 17
VisualStudioVersion = 17.4.33213.308
MinimumVisualStudioVersion = 10.0.40219.1
Project("{FAE04EC0-301F-11D3-BF4B-00C04F79EFBC}") = "ProyectoFinalDoggo", "ProyectoFinalDoggo\ProyectoFinalDoggo.csproj", "{AF7F6F21-7347-48F9-96AE-1EF1B75B47DB}"
EndProject
Global
	GlobalSection(SolutionConfigurationPlatforms) = preSolution
		Debug|Any CPU = Debug|Any CPU
		Release|Any CPU = Release|Any CPU
	EndGlobalSection
	GlobalSection(ProjectConfigurationPlatforms) = postSolution
		{AF7F6F21-7347-48F9-96AE-1EF1B75B47DB}.Debug|Any CPU.ActiveCfg = Debug|Any CPU
		{AF7F6F21-7347-48F9-96AE-1EF1B75B47DB}.Debug|Any CPU.Build.0 = Debug|Any CPU
		{AF7F6F21-7347-48F9-96AE-1EF1B75B47DB}.Release|Any CPU.ActiveCfg = Release|Any CPU
		{AF7F6F21-7347-48F9-96AE-1EF1B75B47DB}.Release|Any CPU.Build.0 = Release|Any CPU
	EndGlobalSection
	GlobalSection(SolutionProperties) = preSolution
		HideSolutionNode = FALSE
	EndGlobalSection
	GlobalSection(ExtensibilityGlobals) = postSolution
		SolutionGuid = {7E461878-CE53-41E0-A51A-E38C8CA403A5}
	EndGlobalSection
EndGlobal
